<?xml version="1.0" encoding="utf-8"?>
<Project ToolsVersion="4.0" xmlns="http://schemas.microsoft.com/developer/msbuild/2003">
  <ItemGroup>
    <Filter Include="Source Files">
      <UniqueIdentifier>{4FC737F1-C7A5-4376-A066-2A32D752A2FF}</UniqueIdentifier>
      <Extensions>cpp;c;cc;cxx;def;odl;idl;hpj;bat;asm;asmx</Extensions>
    </Filter>
    <Filter Include="Header Files">
      <UniqueIdentifier>{93995380-89BD-4b04-88EB-625FBE52EBFB}</UniqueIdentifier>
      <Extensions>h;hh;hpp;hxx;hm;inl;inc;xsd</Extensions>
    </Filter>
    <Filter Include="Resource Files">
      <UniqueIdentifier>{67DA6AB6-F800-4c08-8B7A-83BB121AAD01}</UniqueIdentifier>
      <Extensions>rc;ico;cur;bmp;dlg;rc2;rct;bin;rgs;gif;jpg;jpeg;jpe;resx;tiff;tif;png;wav;mfcribbon-ms</Extensions>
    </Filter>
  </ItemGroup>
  <ItemGroup>
    <ClCompile Include="Core\Functionality\Source\Scheduler.cpp">
      <Filter>Source Files</Filter>
    </ClCompile>
    <ClCompile Include="Core\Functionality\Source\Subscription.cpp">
      <Filter>Source Files</Filter>
    </ClCompile>
    <ClCompile Include="Core\IO\Source\IOUtils.cpp">
      <Filter>Source Files</Filter>
    </ClCompile>
    <ClCompile Include="Core\Math\UnitTests\MatrixTests.cpp">
      <Filter>Source Files</Filter>
    </ClCompile>
    <ClCompile Include="Core\Math\UnitTests\VectorTests.cpp">
      <Filter>Source Files</Filter>
    </ClCompile>
    <ClCompile Include="Core\Source\Hash.cpp">
      <Filter>Source Files</Filter>
    </ClCompile>
    <ClCompile Include="Core\CoreUnitTests.cpp">
      <Filter>Source Files</Filter>
    </ClCompile>
    <ClCompile Include="Core\IO\Source\File.cpp">
      <Filter>Source Files</Filter>
    </ClCompile>
    <ClCompile Include="Core\IO\Source\Folder.cpp">
      <Filter>Source Files</Filter>
    </ClCompile>
    <ClCompile Include="Core\Source\Exception.cpp">
      <Filter>Source Files</Filter>
    </ClCompile>
    <ClCompile Include="Data\Rendering\Source\MaterialData.cpp">
      <Filter>Source Files</Filter>
    </ClCompile>
    <ClCompile Include="Data\Rendering\Source\MeshData.cpp">
      <Filter>Source Files</Filter>
    </ClCompile>
    <ClCompile Include="Core\UnitTests\HashTesting.cpp">
      <Filter>Source Files</Filter>
    </ClCompile>
    <ClCompile Include="Data\SQL\Source\SQLInstance.cpp">
      <Filter>Source Files</Filter>
    </ClCompile>
    <ClCompile Include="Data\Source\AssetUtils.cpp">
      <Filter>Source Files</Filter>
    </ClCompile>
    <ClCompile Include="DataExport.cpp">
      <Filter>Source Files</Filter>
    </ClCompile>
    <ClCompile Include="DataExport\CustomData\Source\DataCreation.cpp">
      <Filter>Source Files</Filter>
    </ClCompile>
    <ClCompile Include="DataExport\Rendering\Source\SceneConversion.cpp">
      <Filter>Source Files</Filter>
    </ClCompile>
    <ClCompile Include="DataExport\CustomData\Source\DataExportDefs.cpp">
      <Filter>Source Files</Filter>
    </ClCompile>
    <ClCompile Include="DataExport\CustomData\Source\DataExportUtils.cpp">
      <Filter>Source Files</Filter>
    </ClCompile>
    <ClCompile Include="DataExport\Source\ExportData.cpp">
      <Filter>Source Files</Filter>
    </ClCompile>
    <ClCompile Include="Data\Rendering\Source\TextureData.cpp">
      <Filter>Source Files</Filter>
    </ClCompile>
    <ClCompile Include="Data\Rendering\Source\SkeletonData.cpp">
      <Filter>Source Files</Filter>
    </ClCompile>
    <ClCompile Include="Data\Rendering\Source\SkeletonAnimationData.cpp">
      <Filter>Source Files</Filter>
    </ClCompile>
    <ClCompile Include="DataExport\Rendering\Source\MeshExport.cpp">
      <Filter>Source Files</Filter>
    </ClCompile>
    <ClCompile Include="DataExport\Rendering\Source\MaterialExport.cpp">
      <Filter>Source Files</Filter>
    </ClCompile>
    <ClCompile Include="DataExport\Rendering\Source\SkeletonAnimationExport.cpp">
      <Filter>Source Files</Filter>
    </ClCompile>
    <ClCompile Include="DataExport\Rendering\Source\SkeletonExport.cpp">
      <Filter>Source Files</Filter>
    </ClCompile>
    <ClCompile Include="DataExport\Rendering\Source\TextureExport.cpp">
      <Filter>Source Files</Filter>
    </ClCompile>
  </ItemGroup>
  <ItemGroup>
    <ClInclude Include="Data\Data.h">
      <Filter>Header Files</Filter>
    </ClInclude>
    <ClInclude Include="Data\ListTest.h">
      <Filter>Header Files</Filter>
    </ClInclude>
    <ClInclude Include="Data\PrimaryForeignKeyTest.h">
      <Filter>Header Files</Filter>
    </ClInclude>
    <ClInclude Include="Data\Test.h">
      <Filter>Header Files</Filter>
    </ClInclude>
    <ClInclude Include="Data\Test2.h">
      <Filter>Header Files</Filter>
    </ClInclude>
    <ClInclude Include="Dependencies\Includes\ASSIMP\Compiler\poppack1.h">
      <Filter>Header Files</Filter>
    </ClInclude>
    <ClInclude Include="Dependencies\Includes\ASSIMP\Compiler\pstdint.h">
      <Filter>Header Files</Filter>
    </ClInclude>
    <ClInclude Include="Dependencies\Includes\ASSIMP\Compiler\pushpack1.h">
      <Filter>Header Files</Filter>
    </ClInclude>
    <ClInclude Include="Dependencies\Includes\SQLite\sqlite3.h">
      <Filter>Header Files</Filter>
    </ClInclude>
    <ClInclude Include="Dependencies\Includes\SQLite\sqlite3ext.h">
      <Filter>Header Files</Filter>
    </ClInclude>
    <ClInclude Include="Dependencies\Includes\ASSIMP\ai_assert.h">
      <Filter>Header Files</Filter>
    </ClInclude>
    <ClInclude Include="Dependencies\Includes\ASSIMP\anim.h">
      <Filter>Header Files</Filter>
    </ClInclude>
    <ClInclude Include="Dependencies\Includes\ASSIMP\camera.h">
      <Filter>Header Files</Filter>
    </ClInclude>
    <ClInclude Include="Dependencies\Includes\ASSIMP\cexport.h">
      <Filter>Header Files</Filter>
    </ClInclude>
    <ClInclude Include="Dependencies\Includes\ASSIMP\cfileio.h">
      <Filter>Header Files</Filter>
    </ClInclude>
    <ClInclude Include="Dependencies\Includes\ASSIMP\cimport.h">
      <Filter>Header Files</Filter>
    </ClInclude>
    <ClInclude Include="Dependencies\Includes\ASSIMP\color4.h">
      <Filter>Header Files</Filter>
    </ClInclude>
    <ClInclude Include="Dependencies\Includes\ASSIMP\config.h">
      <Filter>Header Files</Filter>
    </ClInclude>
    <ClInclude Include="Dependencies\Includes\ASSIMP\DefaultLogger.hpp">
      <Filter>Header Files</Filter>
    </ClInclude>
    <ClInclude Include="Dependencies\Includes\ASSIMP\defs.h">
      <Filter>Header Files</Filter>
    </ClInclude>
    <ClInclude Include="Dependencies\Includes\ASSIMP\Exporter.hpp">
      <Filter>Header Files</Filter>
    </ClInclude>
    <ClInclude Include="Dependencies\Includes\ASSIMP\Importer.hpp">
      <Filter>Header Files</Filter>
    </ClInclude>
    <ClInclude Include="Dependencies\Includes\ASSIMP\importerdesc.h">
      <Filter>Header Files</Filter>
    </ClInclude>
    <ClInclude Include="Dependencies\Includes\ASSIMP\IOStream.hpp">
      <Filter>Header Files</Filter>
    </ClInclude>
    <ClInclude Include="Dependencies\Includes\ASSIMP\IOSystem.hpp">
      <Filter>Header Files</Filter>
    </ClInclude>
    <ClInclude Include="Dependencies\Includes\ASSIMP\light.h">
      <Filter>Header Files</Filter>
    </ClInclude>
    <ClInclude Include="Dependencies\Includes\ASSIMP\Logger.hpp">
      <Filter>Header Files</Filter>
    </ClInclude>
    <ClInclude Include="Dependencies\Includes\ASSIMP\LogStream.hpp">
      <Filter>Header Files</Filter>
    </ClInclude>
    <ClInclude Include="Dependencies\Includes\ASSIMP\material.h">
      <Filter>Header Files</Filter>
    </ClInclude>
    <ClInclude Include="Dependencies\Includes\ASSIMP\matrix3x3.h">
      <Filter>Header Files</Filter>
    </ClInclude>
    <ClInclude Include="Dependencies\Includes\ASSIMP\matrix4x4.h">
      <Filter>Header Files</Filter>
    </ClInclude>
    <ClInclude Include="Dependencies\Includes\ASSIMP\mesh.h">
      <Filter>Header Files</Filter>
    </ClInclude>
    <ClInclude Include="Dependencies\Includes\ASSIMP\metadata.h">
      <Filter>Header Files</Filter>
    </ClInclude>
    <ClInclude Include="Dependencies\Includes\ASSIMP\NullLogger.hpp">
      <Filter>Header Files</Filter>
    </ClInclude>
    <ClInclude Include="Dependencies\Includes\ASSIMP\postprocess.h">
      <Filter>Header Files</Filter>
    </ClInclude>
    <ClInclude Include="Dependencies\Includes\ASSIMP\ProgressHandler.hpp">
      <Filter>Header Files</Filter>
    </ClInclude>
    <ClInclude Include="Dependencies\Includes\ASSIMP\quaternion.h">
      <Filter>Header Files</Filter>
    </ClInclude>
    <ClInclude Include="Dependencies\Includes\ASSIMP\scene.h">
      <Filter>Header Files</Filter>
    </ClInclude>
    <ClInclude Include="Dependencies\Includes\ASSIMP\texture.h">
      <Filter>Header Files</Filter>
    </ClInclude>
    <ClInclude Include="Dependencies\Includes\ASSIMP\types.h">
      <Filter>Header Files</Filter>
    </ClInclude>
    <ClInclude Include="Dependencies\Includes\ASSIMP\vector2.h">
      <Filter>Header Files</Filter>
    </ClInclude>
    <ClInclude Include="Dependencies\Includes\ASSIMP\vector3.h">
      <Filter>Header Files</Filter>
    </ClInclude>
    <ClInclude Include="Dependencies\Includes\ASSIMP\version.h">
      <Filter>Header Files</Filter>
    </ClInclude>
    <ClInclude Include="Core\Debugging\Headers\Declarations.h">
      <Filter>Header Files</Filter>
    </ClInclude>
    <ClInclude Include="Core\Debugging\Headers\Macros.h">
      <Filter>Header Files</Filter>
    </ClInclude>
    <ClInclude Include="Core\Functionality\Headers\Event.h">
      <Filter>Header Files</Filter>
    </ClInclude>
    <ClInclude Include="Core\Functionality\Headers\Function.h">
      <Filter>Header Files</Filter>
    </ClInclude>
    <ClInclude Include="Core\Functionality\Headers\LockerBase.h">
      <Filter>Header Files</Filter>
    </ClInclude>
    <ClInclude Include="Core\Functionality\Headers\Scheduler.h">
      <Filter>Header Files</Filter>
    </ClInclude>
    <ClInclude Include="Core\Functionality\Headers\Subscription.h">
      <Filter>Header Files</Filter>
    </ClInclude>
    <ClInclude Include="Core\Geometric\Headers\Ellipsoid.h">
      <Filter>Header Files</Filter>
    </ClInclude>
    <ClInclude Include="Core\Geometric\Headers\Ellipsoid2.h">
      <Filter>Header Files</Filter>
    </ClInclude>
    <ClInclude Include="Core\Geometric\Headers\Ellipsoid3.h">
      <Filter>Header Files</Filter>
    </ClInclude>
    <ClInclude Include="Core\Geometric\Headers\Ellipsoid4.h">
      <Filter>Header Files</Filter>
    </ClInclude>
    <ClInclude Include="Core\Geometric\Headers\EllipsoidFunctions.h">
      <Filter>Header Files</Filter>
    </ClInclude>
    <ClInclude Include="Core\Geometric\Headers\Line.h">
      <Filter>Header Files</Filter>
    </ClInclude>
    <ClInclude Include="Core\Geometric\Headers\Line2.h">
      <Filter>Header Files</Filter>
    </ClInclude>
    <ClInclude Include="Core\Geometric\Headers\Line3.h">
      <Filter>Header Files</Filter>
    </ClInclude>
    <ClInclude Include="Core\Geometric\Headers\Line4.h">
      <Filter>Header Files</Filter>
    </ClInclude>
    <ClInclude Include="Core\Geometric\Headers\LineFunctions.h">
      <Filter>Header Files</Filter>
    </ClInclude>
    <ClInclude Include="Core\Geometric\Headers\Plane.h">
      <Filter>Header Files</Filter>
    </ClInclude>
    <ClInclude Include="Core\Geometric\Headers\Plane2.h">
      <Filter>Header Files</Filter>
    </ClInclude>
    <ClInclude Include="Core\Geometric\Headers\Plane3.h">
      <Filter>Header Files</Filter>
    </ClInclude>
    <ClInclude Include="Core\Geometric\Headers\Plane4.h">
      <Filter>Header Files</Filter>
    </ClInclude>
    <ClInclude Include="Core\Geometric\Headers\PlaneFunctions.h">
      <Filter>Header Files</Filter>
    </ClInclude>
    <ClInclude Include="Core\Geometric\Headers\Transform.h">
      <Filter>Header Files</Filter>
    </ClInclude>
    <ClInclude Include="Core\Geometric\Headers\UtilityFunctions.h">
      <Filter>Header Files</Filter>
    </ClInclude>
    <ClInclude Include="Core\Headers\AllCore.h">
      <Filter>Header Files</Filter>
    </ClInclude>
    <ClInclude Include="Core\Headers\CoreDefs.h">
      <Filter>Header Files</Filter>
    </ClInclude>
    <ClInclude Include="Core\Headers\Hash.h">
      <Filter>Header Files</Filter>
    </ClInclude>
    <ClInclude Include="Core\Headers\ListDefs.h">
      <Filter>Header Files</Filter>
    </ClInclude>
    <ClInclude Include="Core\Headers\MapDefs.h">
      <Filter>Header Files</Filter>
    </ClInclude>
    <ClInclude Include="Core\Headers\PtrDefs.h">
      <Filter>Header Files</Filter>
    </ClInclude>
    <ClInclude Include="Core\Headers\TemplateDefs.h">
      <Filter>Header Files</Filter>
    </ClInclude>
    <ClInclude Include="Core\Headers\TimeDefs.h">
      <Filter>Header Files</Filter>
    </ClInclude>
    <ClInclude Include="Core\IO\Headers\IODefs.h">
      <Filter>Header Files</Filter>
    </ClInclude>
    <ClInclude Include="Core\IO\Headers\IOUtils.h">
      <Filter>Header Files</Filter>
    </ClInclude>
    <ClInclude Include="Core\Math\Headers\Axis.h">
      <Filter>Header Files</Filter>
    </ClInclude>
    <ClInclude Include="Core\Math\Headers\Basis.h">
      <Filter>Header Files</Filter>
    </ClInclude>
    <ClInclude Include="Core\Math\Headers\Color.h">
      <Filter>Header Files</Filter>
    </ClInclude>
    <ClInclude Include="Core\Math\Headers\MathDefs.h">
      <Filter>Header Files</Filter>
    </ClInclude>
    <ClInclude Include="Core\Math\Headers\MathUtils.h">
      <Filter>Header Files</Filter>
    </ClInclude>
    <ClInclude Include="Core\Math\Headers\Matrix.h">
      <Filter>Header Files</Filter>
    </ClInclude>
    <ClInclude Include="Core\Math\Headers\Matrix2x2.h">
      <Filter>Header Files</Filter>
    </ClInclude>
    <ClInclude Include="Core\Math\Headers\Matrix3x3.h">
      <Filter>Header Files</Filter>
    </ClInclude>
    <ClInclude Include="Core\Math\Headers\Matrix4x4.h">
      <Filter>Header Files</Filter>
    </ClInclude>
    <ClInclude Include="Core\Math\Headers\MatrixFunctions.h">
      <Filter>Header Files</Filter>
    </ClInclude>
    <ClInclude Include="Core\Math\Headers\Quaternion.h">
      <Filter>Header Files</Filter>
    </ClInclude>
    <ClInclude Include="Core\Math\Headers\QuaternionFunctions.h">
      <Filter>Header Files</Filter>
    </ClInclude>
    <ClInclude Include="Core\Math\Headers\UtilityFunctions.h">
      <Filter>Header Files</Filter>
    </ClInclude>
    <ClInclude Include="Core\Math\Headers\Vector.h">
      <Filter>Header Files</Filter>
    </ClInclude>
    <ClInclude Include="Core\Math\Headers\Vector2.h">
      <Filter>Header Files</Filter>
    </ClInclude>
    <ClInclude Include="Core\Math\Headers\Vector3.h">
      <Filter>Header Files</Filter>
    </ClInclude>
    <ClInclude Include="Core\Math\Headers\Vector4.h">
      <Filter>Header Files</Filter>
    </ClInclude>
    <ClInclude Include="Core\Math\Headers\VectorFunctions.h">
      <Filter>Header Files</Filter>
    </ClInclude>
    <ClInclude Include="Core\Math\UnitTests\MathUnitTests.h">
      <Filter>Header Files</Filter>
    </ClInclude>
    <ClInclude Include="Core\Math\UnitTests\MatrixTests.h">
      <Filter>Header Files</Filter>
    </ClInclude>
    <ClInclude Include="Core\Math\UnitTests\VectorTests.h">
      <Filter>Header Files</Filter>
    </ClInclude>
    <ClInclude Include="Core\IO\Headers\File.h">
      <Filter>Header Files</Filter>
    </ClInclude>
    <ClInclude Include="Core\IO\Headers\Folder.h">
      <Filter>Header Files</Filter>
    </ClInclude>
    <ClInclude Include="Core\Headers\Exception.h">
      <Filter>Header Files</Filter>
    </ClInclude>
    <ClInclude Include="Core\IO\Headers\Exception.h">
      <Filter>Header Files</Filter>
    </ClInclude>
    <ClInclude Include="Data\Rendering\Headers\MaterialData.h">
      <Filter>Header Files</Filter>
    </ClInclude>
    <ClInclude Include="Data\Rendering\Headers\MeshData.h">
      <Filter>Header Files</Filter>
    </ClInclude>
    <ClInclude Include="Data\Rendering\Headers\VertexBaseData.h">
      <Filter>Header Files</Filter>
    </ClInclude>
    <ClInclude Include="Core\Serialization\Headers\SerializationDefs.h">
      <Filter>Header Files</Filter>
    </ClInclude>
    <ClInclude Include="Core\Serialization\Headers\SerializationUtils.h">
      <Filter>Header Files</Filter>
    </ClInclude>
    <ClInclude Include="Core\Serialization\Headers\Serialization.h">
      <Filter>Header Files</Filter>
    </ClInclude>
    <ClInclude Include="Data\Headers\AssetData.h">
      <Filter>Header Files</Filter>
    </ClInclude>
    <ClInclude Include="Data\Headers\AssetName.h">
      <Filter>Header Files</Filter>
    </ClInclude>
    <ClInclude Include="Data\Headers\AssetType.h">
      <Filter>Header Files</Filter>
    </ClInclude>
    <ClInclude Include="Core\UnitTests\HashTesting.h">
      <Filter>Header Files</Filter>
    </ClInclude>
    <ClInclude Include="Data\Headers\AssetUtils.h">
      <Filter>Header Files</Filter>
    </ClInclude>
    <ClInclude Include="Data\SQL\Headers\SQLDefs.h">
      <Filter>Header Files</Filter>
    </ClInclude>
    <ClInclude Include="Data\SQL\Headers\SQLInstance.h">
      <Filter>Header Files</Filter>
    </ClInclude>
    <ClInclude Include="Data\SQL\Headers\SQLExceptions.h">
      <Filter>Header Files</Filter>
    </ClInclude>
    <ClInclude Include="Data\Headers\AssetExceptions.h">
      <Filter>Header Files</Filter>
    </ClInclude>
    <ClInclude Include="DataExport\CustomData\Headers\DataCreation.h">
      <Filter>Header Files</Filter>
    </ClInclude>
    <ClInclude Include="DataExport\Rendering\Headers\SceneConversion.h">
      <Filter>Header Files</Filter>
    </ClInclude>
    <ClInclude Include="DataExport\Resources\ExportedAssets\Assets.h">
      <Filter>Header Files</Filter>
    </ClInclude>
    <ClInclude Include="DataExport\Resources\ExportedAssets\CustomAssets.h">
      <Filter>Header Files</Filter>
    </ClInclude>
    <ClInclude Include="DataExport\Resources\ExportedAssets\MaterialAssets.h">
      <Filter>Header Files</Filter>
    </ClInclude>
    <ClInclude Include="DataExport\Resources\ExportedAssets\MeshAssets.h">
      <Filter>Header Files</Filter>
    </ClInclude>
    <ClInclude Include="DataExport\CustomData\Headers\DataExportDefs.h">
      <Filter>Header Files</Filter>
    </ClInclude>
    <ClInclude Include="DataExport\Headers\AssetExportDefs.h">
      <Filter>Header Files</Filter>
    </ClInclude>
    <ClInclude Include="DataExport\CustomData\Headers\DataExportUtils.h">
      <Filter>Header Files</Filter>
    </ClInclude>
    <ClInclude Include="DataExport\Headers\ExportException.h">
      <Filter>Header Files</Filter>
    </ClInclude>
    <ClInclude Include="DataExport\Headers\ExportData.h">
      <Filter>Header Files</Filter>
    </ClInclude>
    <ClInclude Include="SampleExportFormat\ExportedAssets\MeshAssets.h">
      <Filter>Header Files</Filter>
    </ClInclude>
    <ClInclude Include="SampleExportFormat\ExportedAssets\Assets.h">
      <Filter>Header Files</Filter>
    </ClInclude>
    <ClInclude Include="SampleExportFormat\ExportedAssets\CustomAssets.h">
      <Filter>Header Files</Filter>
    </ClInclude>
    <ClInclude Include="SampleExportFormat\ExportedAssets\MaterialAssets.h">
      <Filter>Header Files</Filter>
    </ClInclude>
    <ClInclude Include="Data\Rendering\Headers\SkeletonData.h">
      <Filter>Header Files</Filter>
    </ClInclude>
    <ClInclude Include="Data\Rendering\Headers\SkeletonAnimationData.h">
      <Filter>Header Files</Filter>
    </ClInclude>
    <ClInclude Include="Data\Rendering\Headers\TextureData.h">
      <Filter>Header Files</Filter>
    </ClInclude>
    <ClInclude Include="DataExport\Rendering\Headers\MaterialExport.h">
      <Filter>Header Files</Filter>
    </ClInclude>
    <ClInclude Include="DataExport\Rendering\Headers\MeshExport.h">
      <Filter>Header Files</Filter>
    </ClInclude>
    <ClInclude Include="DataExport\Rendering\Headers\SkeletonAnimationExport.h">
      <Filter>Header Files</Filter>
    </ClInclude>
    <ClInclude Include="DataExport\Rendering\Headers\SkeletonExport.h">
      <Filter>Header Files</Filter>
    </ClInclude>
    <ClInclude Include="DataExport\Rendering\Headers\TextureExport.h">
      <Filter>Header Files</Filter>
    </ClInclude>
  </ItemGroup>
  <ItemGroup>
    <None Include="Dependencies\Dlls\ASSIMP\assimp.dll" />
    <None Include="Dependencies\Dlls\SQLite\sqlite3.dll" />
    <None Include="Dependencies\Includes\ASSIMP\color4.inl">
      <Filter>Header Files</Filter>
    </None>
    <None Include="Dependencies\Includes\ASSIMP\material.inl">
      <Filter>Header Files</Filter>
    </None>
    <None Include="Dependencies\Includes\ASSIMP\matrix3x3.inl">
      <Filter>Header Files</Filter>
    </None>
    <None Include="Dependencies\Includes\ASSIMP\matrix4x4.inl">
      <Filter>Header Files</Filter>
    </None>
    <None Include="Dependencies\Includes\ASSIMP\quaternion.inl">
      <Filter>Header Files</Filter>
    </None>
    <None Include="Dependencies\Includes\ASSIMP\vector2.inl">
      <Filter>Header Files</Filter>
    </None>
    <None Include="Dependencies\Includes\ASSIMP\vector3.inl">
      <Filter>Header Files</Filter>
    </None>
    <None Include="DataExport\Resources\ImportedAssets\CustomData\Data.db" />
  </ItemGroup>
  <ItemGroup>
    <Library Include="Dependencies\Libs\SQLite\sqlite3.lib" />
    <Library Include="Dependencies\Libs\ASSIMP\assimp.lib" />
  </ItemGroup>
  <ItemGroup>
    <Text Include="Core\UnitTests\EnglishWords.txt" />
    <Text Include="Core\UnitTests\HashedEnglishWords.txt" />
  </ItemGroup>
</Project>