<?xml version="1.0" encoding="utf-8"?>
<Project ToolsVersion="4.0" xmlns="http://schemas.microsoft.com/developer/msbuild/2003">
  <ItemGroup>
    <Filter Include="Source Files">
      <UniqueIdentifier>{4FC737F1-C7A5-4376-A066-2A32D752A2FF}</UniqueIdentifier>
      <Extensions>cpp;c;cc;cxx;def;odl;idl;hpj;bat;asm;asmx</Extensions>
    </Filter>
    <Filter Include="Header Files">
      <UniqueIdentifier>{93995380-89BD-4b04-88EB-625FBE52EBFB}</UniqueIdentifier>
      <Extensions>h;hh;hpp;hxx;hm;inl;inc;xsd</Extensions>
    </Filter>
    <Filter Include="Resource Files">
      <UniqueIdentifier>{67DA6AB6-F800-4c08-8B7A-83BB121AAD01}</UniqueIdentifier>
      <Extensions>rc;ico;cur;bmp;dlg;rc2;rct;bin;rgs;gif;jpg;jpeg;jpe;resx;tiff;tif;png;wav;mfcribbon-ms</Extensions>
    </Filter>
  </ItemGroup>
  <ItemGroup>
    <ClCompile Include="DataCreation.cpp">
      <Filter>Source Files</Filter>
    </ClCompile>
    <ClCompile Include="AssetManagement\Source\SceneConversion.cpp">
      <Filter>Source Files</Filter>
    </ClCompile>
    <ClCompile Include="DataManagement\IO\Headers\Folder.h">
      <Filter>Source Files</Filter>
    </ClCompile>
    <ClCompile Include="DataManagement\IO\Source\Folder.cpp">
      <Filter>Source Files</Filter>
    </ClCompile>
    <ClCompile Include="DataManagement\IO\Source\File.cpp">
      <Filter>Source Files</Filter>
    </ClCompile>
  </ItemGroup>
  <ItemGroup>
    <ClInclude Include="Data\Data.h">
      <Filter>Header Files</Filter>
    </ClInclude>
    <ClInclude Include="Data\DataStructs.h">
      <Filter>Header Files</Filter>
    </ClInclude>
    <ClInclude Include="Data\ListTest.h">
      <Filter>Header Files</Filter>
    </ClInclude>
    <ClInclude Include="Data\PrimaryForeignKeyTest.h">
      <Filter>Header Files</Filter>
    </ClInclude>
    <ClInclude Include="Data\Test.h">
      <Filter>Header Files</Filter>
    </ClInclude>
    <ClInclude Include="Data\Test2.h">
      <Filter>Header Files</Filter>
    </ClInclude>
    <ClInclude Include="Dependencies\Includes\ASSIMP\Compiler\poppack1.h">
      <Filter>Header Files</Filter>
    </ClInclude>
    <ClInclude Include="Dependencies\Includes\ASSIMP\Compiler\pstdint.h">
      <Filter>Header Files</Filter>
    </ClInclude>
    <ClInclude Include="Dependencies\Includes\ASSIMP\Compiler\pushpack1.h">
      <Filter>Header Files</Filter>
    </ClInclude>
    <ClInclude Include="Dependencies\Includes\SQLite\sqlite3.h">
      <Filter>Header Files</Filter>
    </ClInclude>
    <ClInclude Include="Dependencies\Includes\SQLite\sqlite3ext.h">
      <Filter>Header Files</Filter>
    </ClInclude>
    <ClInclude Include="DataManagement\Headers\FileCreation.h">
      <Filter>Header Files</Filter>
    </ClInclude>
    <ClInclude Include="AssetManagement\Headers\AssimpLoading_Sample.h">
      <Filter>Header Files</Filter>
    </ClInclude>
    <ClInclude Include="AssetManagement\Headers\SceneConversion.h">
      <Filter>Header Files</Filter>
    </ClInclude>
    <ClInclude Include="Dependencies\Includes\ASSIMP\ai_assert.h">
      <Filter>Header Files</Filter>
    </ClInclude>
    <ClInclude Include="Dependencies\Includes\ASSIMP\anim.h">
      <Filter>Header Files</Filter>
    </ClInclude>
    <ClInclude Include="Dependencies\Includes\ASSIMP\camera.h">
      <Filter>Header Files</Filter>
    </ClInclude>
    <ClInclude Include="Dependencies\Includes\ASSIMP\cexport.h">
      <Filter>Header Files</Filter>
    </ClInclude>
    <ClInclude Include="Dependencies\Includes\ASSIMP\cfileio.h">
      <Filter>Header Files</Filter>
    </ClInclude>
    <ClInclude Include="Dependencies\Includes\ASSIMP\cimport.h">
      <Filter>Header Files</Filter>
    </ClInclude>
    <ClInclude Include="Dependencies\Includes\ASSIMP\color4.h">
      <Filter>Header Files</Filter>
    </ClInclude>
    <ClInclude Include="Dependencies\Includes\ASSIMP\config.h">
      <Filter>Header Files</Filter>
    </ClInclude>
    <ClInclude Include="Dependencies\Includes\ASSIMP\DefaultLogger.hpp">
      <Filter>Header Files</Filter>
    </ClInclude>
    <ClInclude Include="Dependencies\Includes\ASSIMP\defs.h">
      <Filter>Header Files</Filter>
    </ClInclude>
    <ClInclude Include="Dependencies\Includes\ASSIMP\Exporter.hpp">
      <Filter>Header Files</Filter>
    </ClInclude>
    <ClInclude Include="Dependencies\Includes\ASSIMP\Importer.hpp">
      <Filter>Header Files</Filter>
    </ClInclude>
    <ClInclude Include="Dependencies\Includes\ASSIMP\importerdesc.h">
      <Filter>Header Files</Filter>
    </ClInclude>
    <ClInclude Include="Dependencies\Includes\ASSIMP\IOStream.hpp">
      <Filter>Header Files</Filter>
    </ClInclude>
    <ClInclude Include="Dependencies\Includes\ASSIMP\IOSystem.hpp">
      <Filter>Header Files</Filter>
    </ClInclude>
    <ClInclude Include="Dependencies\Includes\ASSIMP\light.h">
      <Filter>Header Files</Filter>
    </ClInclude>
    <ClInclude Include="Dependencies\Includes\ASSIMP\Logger.hpp">
      <Filter>Header Files</Filter>
    </ClInclude>
    <ClInclude Include="Dependencies\Includes\ASSIMP\LogStream.hpp">
      <Filter>Header Files</Filter>
    </ClInclude>
    <ClInclude Include="Dependencies\Includes\ASSIMP\material.h">
      <Filter>Header Files</Filter>
    </ClInclude>
    <ClInclude Include="Dependencies\Includes\ASSIMP\matrix3x3.h">
      <Filter>Header Files</Filter>
    </ClInclude>
    <ClInclude Include="Dependencies\Includes\ASSIMP\matrix4x4.h">
      <Filter>Header Files</Filter>
    </ClInclude>
    <ClInclude Include="Dependencies\Includes\ASSIMP\mesh.h">
      <Filter>Header Files</Filter>
    </ClInclude>
    <ClInclude Include="Dependencies\Includes\ASSIMP\metadata.h">
      <Filter>Header Files</Filter>
    </ClInclude>
    <ClInclude Include="Dependencies\Includes\ASSIMP\NullLogger.hpp">
      <Filter>Header Files</Filter>
    </ClInclude>
    <ClInclude Include="Dependencies\Includes\ASSIMP\postprocess.h">
      <Filter>Header Files</Filter>
    </ClInclude>
    <ClInclude Include="Dependencies\Includes\ASSIMP\ProgressHandler.hpp">
      <Filter>Header Files</Filter>
    </ClInclude>
    <ClInclude Include="Dependencies\Includes\ASSIMP\quaternion.h">
      <Filter>Header Files</Filter>
    </ClInclude>
    <ClInclude Include="Dependencies\Includes\ASSIMP\scene.h">
      <Filter>Header Files</Filter>
    </ClInclude>
    <ClInclude Include="Dependencies\Includes\ASSIMP\texture.h">
      <Filter>Header Files</Filter>
    </ClInclude>
    <ClInclude Include="Dependencies\Includes\ASSIMP\types.h">
      <Filter>Header Files</Filter>
    </ClInclude>
    <ClInclude Include="Dependencies\Includes\ASSIMP\vector2.h">
      <Filter>Header Files</Filter>
    </ClInclude>
    <ClInclude Include="Dependencies\Includes\ASSIMP\vector3.h">
      <Filter>Header Files</Filter>
    </ClInclude>
    <ClInclude Include="Dependencies\Includes\ASSIMP\version.h">
      <Filter>Header Files</Filter>
    </ClInclude>
    <ClInclude Include="DataManagement\IO\Headers\File.h">
      <Filter>Header Files</Filter>
    </ClInclude>
    <ClInclude Include="DataManagement\IO\Headers\IODefs.h">
      <Filter>Header Files</Filter>
    </ClInclude>
  </ItemGroup>
  <ItemGroup>
    <None Include="Dependencies\Dlls\ASSIMP\assimp.dll" />
    <None Include="Dependencies\Dlls\SQLite\sqlite3.dll" />
    <None Include="Database\Data.db" />
    <None Include="Dependencies\Includes\ASSIMP\color4.inl">
      <Filter>Header Files</Filter>
    </None>
    <None Include="Dependencies\Includes\ASSIMP\material.inl">
      <Filter>Header Files</Filter>
    </None>
    <None Include="Dependencies\Includes\ASSIMP\matrix3x3.inl">
      <Filter>Header Files</Filter>
    </None>
    <None Include="Dependencies\Includes\ASSIMP\matrix4x4.inl">
      <Filter>Header Files</Filter>
    </None>
    <None Include="Dependencies\Includes\ASSIMP\quaternion.inl">
      <Filter>Header Files</Filter>
    </None>
    <None Include="Dependencies\Includes\ASSIMP\vector2.inl">
      <Filter>Header Files</Filter>
    </None>
    <None Include="Dependencies\Includes\ASSIMP\vector3.inl">
      <Filter>Header Files</Filter>
    </None>
    <None Include="Assets\ExportedAssets\MI\MESH_0.msh" />
    <None Include="Assets\ExportedAssets\MI\MATERIAL_0.mat" />
  </ItemGroup>
  <ItemGroup>
    <Library Include="Dependencies\Libs\SQLite\sqlite3.lib" />
    <Library Include="Dependencies\Libs\ASSIMP\assimp.lib" />
  </ItemGroup>
</Project>